// !$*UTF8*$!
{
	archiveVersion = 1;
	classes = {};
	objectVersion = 56;
	objects = {
		91BFE495CE6549712ABECB3A = { isa = PBXFileReference; lastKnownFileType = sourcecode.metal; path = "GoldRock/Chrome.metal"; sourceTree = "<group>"; };
		2D3FAC76AAE77C4C89975409 = { isa = PBXBuildFile; fileRef = 91BFE495CE6549712ABECB3A; };
		DA90549D39F970270DF3D16C = { isa = PBXFileReference; lastKnownFileType = text.plist.xml; path = "GoldRock/GoldRock.entitlements"; sourceTree = "<group>"; };
		D13BF03A9CFFE08008C349FF = { isa = PBXFileReference; lastKnownFileType = sourcecode.swift; path = "GoldRock/GoldRockApp.swift"; sourceTree = "<group>"; };
		466888D4942B0895BA5752EC = { isa = PBXBuildFile; fileRef = D13BF03A9CFFE08008C349FF; };
		8873151C067A966D8A2B0623 = { isa = PBXFileReference; lastKnownFileType = text.plist.xml; path = "GoldRock/Info.plist"; sourceTree = "<group>"; };
		CD774F8C46B4685BA5E70E5A = { isa = PBXFileReference; lastKnownFileType = text.plist.xml; path = "GoldRock/PrivacyInfo.xcprivacy"; sourceTree = "<group>"; };
		FD57E9B16885BEBF76EEE08F = { isa = PBXBuildFile; fileRef = CD774F8C46B4685BA5E70E5A; };
		3CD92967E842B6347F08C398 = { isa = PBXFileReference; lastKnownFileType = sourcecode.javascript; path = "GoldRock/Rules.bundle.js"; sourceTree = "<group>"; };
		23E3688ABB5016270D243378 = { isa = PBXBuildFile; fileRef = 3CD92967E842B6347F08C398; };
		E27CC1B4923CF2D619D3BFB6 = { isa = PBXFileReference; lastKnownFileType = sourcecode.swift; path = "GoldRock/Models/CaseModels.swift"; sourceTree = "<group>"; };
		97925F813AD33F0CDF07A078 = { isa = PBXBuildFile; fileRef = E27CC1B4923CF2D619D3BFB6; };
		E21596188B9EF32B12BD3DDA = { isa = PBXFileReference; lastKnownFileType = sourcecode.swift; path = "GoldRock/Models/CaseNextSteps.swift"; sourceTree = "<group>"; };
		DE68D35E535906D9A25608A6 = { isa = PBXBuildFile; fileRef = E21596188B9EF32B12BD3DDA; };
		CD1C50BCBEE400CCB036346F = { isa = PBXFileReference; lastKnownFileType = sourcecode.swift; path = "GoldRock/Models/ConversationModels.swift"; sourceTree = "<group>"; };
		6B8A35EFDEE8AB4B8D7E9520 = { isa = PBXBuildFile; fileRef = CD1C50BCBEE400CCB036346F; };
		88C1901C94C612C529569120 = { isa = PBXFileReference; lastKnownFileType = sourcecode.swift; path = "GoldRock/Models/MoneyRecoveryGuide.swift"; sourceTree = "<group>"; };
		80F40F6AAB50315E3380DA8B = { isa = PBXBuildFile; fileRef = 88C1901C94C612C529569120; };
		E68C4614C7E3182629EE3008 = { isa = PBXFileReference; lastKnownFileType = sourcecode.swift; path = "GoldRock/Models/MoneyRecoveryModels.swift"; sourceTree = "<group>"; };
		455C5A795E000EA8D02E60FC = { isa = PBXBuildFile; fileRef = E68C4614C7E3182629EE3008; };
		3770537F39EFC34590F57A4E = { isa = PBXFileReference; lastKnownFileType = sourcecode.swift; path = "GoldRock/Models/ReconciliationModels.swift"; sourceTree = "<group>"; };
		62B1972386B11167A1B1D645 = { isa = PBXBuildFile; fileRef = 3770537F39EFC34590F57A4E; };
		41B80D12776696F4CC38EE2A = { isa = PBXFileReference; lastKnownFileType = sourcecode.swift; path = "GoldRock/Models/TaskModels.swift"; sourceTree = "<group>"; };
		0B984F51B793213FD589BD1B = { isa = PBXBuildFile; fileRef = 41B80D12776696F4CC38EE2A; };
		CBF6B4EE95425272FD24241F = { isa = PBXFileReference; lastKnownFileType = sourcecode.swift; path = "GoldRock/Models/WorkbookModels.swift"; sourceTree = "<group>"; };
		55AA74564A8B619D5FA07A4F = { isa = PBXBuildFile; fileRef = CBF6B4EE95425272FD24241F; };
		01A4CDF2A9A7F520A4A894C9 = { isa = PBXFileReference; lastKnownFileType = sourcecode.swift; path = "GoldRock/Services/APIClient.swift"; sourceTree = "<group>"; };
		9B404600F66A764B7294EAA5 = { isa = PBXBuildFile; fileRef = 01A4CDF2A9A7F520A4A894C9; };
		84120BD81BA766208FFBA698 = { isa = PBXFileReference; lastKnownFileType = sourcecode.swift; path = "GoldRock/Services/AppStore.swift"; sourceTree = "<group>"; };
		2CBFBD2DC821AE9978655CF4 = { isa = PBXBuildFile; fileRef = 84120BD81BA766208FFBA698; };
		60924E44EE8106A49AC3796D = { isa = PBXFileReference; lastKnownFileType = sourcecode.swift; path = "GoldRock/Services/DocumentIntake.swift"; sourceTree = "<group>"; };
		AC3C6B75C802535AC6765524 = { isa = PBXBuildFile; fileRef = 60924E44EE8106A49AC3796D; };
		BA9A29D9A6E8C5F9C03A6223 = { isa = PBXFileReference; lastKnownFileType = sourcecode.swift; path = "GoldRock/Services/LocalGuidance.swift"; sourceTree = "<group>"; };
		FC47342FE6C164FD8EA693D6 = { isa = PBXBuildFile; fileRef = BA9A29D9A6E8C5F9C03A6223; };
		BBCDFB556CE66AAA183B8EC8 = { isa = PBXFileReference; lastKnownFileType = sourcecode.swift; path = "GoldRock/Services/OnDeviceAssistant.swift"; sourceTree = "<group>"; };
		39C399227B8554CE1E4A25EE = { isa = PBXBuildFile; fileRef = BBCDFB556CE66AAA183B8EC8; };
		299F6622A42202C7D0746AE4 = { isa = PBXFileReference; lastKnownFileType = sourcecode.swift; path = "GoldRock/Services/ProtectedVault.swift"; sourceTree = "<group>"; };
		CDF45DA20D26AE35C04B7728 = { isa = PBXBuildFile; fileRef = 299F6622A42202C7D0746AE4; };
		DFDDDA83AC67869C1EA8916F = { isa = PBXFileReference; lastKnownFileType = sourcecode.swift; path = "GoldRock/Services/ReconciliationPreparation.swift"; sourceTree = "<group>"; };
		6E06DCD0179FD2D361E4523E = { isa = PBXBuildFile; fileRef = DFDDDA83AC67869C1EA8916F; };
		2962AB97368A1A865CC39898 = { isa = PBXFileReference; lastKnownFileType = sourcecode.swift; path = "GoldRock/Views/AccountView.swift"; sourceTree = "<group>"; };
		01582C019DE62F591F5DB6B5 = { isa = PBXBuildFile; fileRef = 2962AB97368A1A865CC39898; };
		12829CEADD265E9AE5459F72 = { isa = PBXFileReference; lastKnownFileType = sourcecode.swift; path = "GoldRock/Views/AdvocacyTasksView.swift"; sourceTree = "<group>"; };
		DEB8AAF831CFEEEF5611C5DE = { isa = PBXBuildFile; fileRef = 12829CEADD265E9AE5459F72; };
		5656A971C1AB5D3E6734A65D = { isa = PBXFileReference; lastKnownFileType = sourcecode.swift; path = "GoldRock/Views/CaseConversationView.swift"; sourceTree = "<group>"; };
		6996BD5E6AACD656E5D7F7F8 = { isa = PBXBuildFile; fileRef = 5656A971C1AB5D3E6734A65D; };
		57D538D4F1FE182D599056C5 = { isa = PBXFileReference; lastKnownFileType = sourcecode.swift; path = "GoldRock/Views/CaseDetailView.swift"; sourceTree = "<group>"; };
		6EFA50056ADA1CA492970D5E = { isa = PBXBuildFile; fileRef = 57D538D4F1FE182D599056C5; };
		8FF44D347DC9F39F0DFC41B0 = { isa = PBXFileReference; lastKnownFileType = sourcecode.swift; path = "GoldRock/Views/CaseMoneyRecoveryView.swift"; sourceTree = "<group>"; };
		6AA6DA43A86C0E728DE9F2D9 = { isa = PBXBuildFile; fileRef = 8FF44D347DC9F39F0DFC41B0; };
		20E1ECAA0A83BFEE6494F90A = { isa = PBXFileReference; lastKnownFileType = sourcecode.swift; path = "GoldRock/Views/CaseNextStepsView.swift"; sourceTree = "<group>"; };
		BAFEC206E9FC2202326EA17A = { isa = PBXBuildFile; fileRef = 20E1ECAA0A83BFEE6494F90A; };
		2C42137C608E1F57F4FBE0E0 = { isa = PBXFileReference; lastKnownFileType = sourcecode.swift; path = "GoldRock/Views/CaseReconciliationView.swift"; sourceTree = "<group>"; };
		B88BB9C5A9E5A994735C2A66 = { isa = PBXBuildFile; fileRef = 2C42137C608E1F57F4FBE0E0; };
		108A113DDAFADD9F610AE8D3 = { isa = PBXFileReference; lastKnownFileType = sourcecode.swift; path = "GoldRock/Views/CaseWorkbookView.swift"; sourceTree = "<group>"; };
		64EE27EB1EC7F69D6400ABB2 = { isa = PBXBuildFile; fileRef = 108A113DDAFADD9F610AE8D3; };
		CE4BEE77AB6B3FC20DA43610 = { isa = PBXFileReference; lastKnownFileType = sourcecode.swift; path = "GoldRock/Views/FactsForm.swift"; sourceTree = "<group>"; };
		65E05A8738CEE58E714BADD3 = { isa = PBXBuildFile; fileRef = CE4BEE77AB6B3FC20DA43610; };
		E4DA78B1C4541104F7A0F075 = { isa = PBXFileReference; lastKnownFileType = sourcecode.swift; path = "GoldRock/Views/IntakeView.swift"; sourceTree = "<group>"; };
		031CC64CFC621B52BD95C1F3 = { isa = PBXBuildFile; fileRef = E4DA78B1C4541104F7A0F075; };
		E50958DC38309C2583D55C42 = { isa = PBXFileReference; lastKnownFileType = sourcecode.swift; path = "GoldRock/Views/KnowledgeView.swift"; sourceTree = "<group>"; };
		E867D25A4A90740E3FE122F6 = { isa = PBXBuildFile; fileRef = E50958DC38309C2583D55C42; };
		3F46EF94B329F0B461FFC90C = { isa = PBXFileReference; lastKnownFileType = sourcecode.swift; path = "GoldRock/Views/MoneyRecoveryGuideView.swift"; sourceTree = "<group>"; };
		6F3D1A4522DA360E9A36F846 = { isa = PBXBuildFile; fileRef = 3F46EF94B329F0B461FFC90C; };
		4DD8F7FB02ADD16394BF5CE0 = { isa = PBXFileReference; lastKnownFileType = sourcecode.swift; path = "GoldRock/Views/PrivacyShield.swift"; sourceTree = "<group>"; };
		1251F26AEFAEFCB652BECCB4 = { isa = PBXBuildFile; fileRef = 4DD8F7FB02ADD16394BF5CE0; };
		EA3B526459C0B76D87AB935B = { isa = PBXFileReference; lastKnownFileType = sourcecode.swift; path = "GoldRock/Views/PublicPlaybooksView.swift"; sourceTree = "<group>"; };
		B7DF36169BA4650117D3C71A = { isa = PBXBuildFile; fileRef = EA3B526459C0B76D87AB935B; };
		73BCE6B9C632633A5B84AD83 = { isa = PBXFileReference; lastKnownFileType = sourcecode.swift; path = "GoldRock/Views/RootView.swift"; sourceTree = "<group>"; };
		2CD88BD8B804BBE553FB0684 = { isa = PBXBuildFile; fileRef = 73BCE6B9C632633A5B84AD83; };
		A2C6F92DC75999B5AD605CB2 = { isa = PBXFileReference; lastKnownFileType = sourcecode.swift; path = "GoldRock/Views/Theme.swift"; sourceTree = "<group>"; };
		20CA0160EDEDDC3E99D76E20 = { isa = PBXBuildFile; fileRef = A2C6F92DC75999B5AD605CB2; };
		05529D7BAF9BE1F1AD75AA78 = { isa = PBXFileReference; lastKnownFileType = folder.assetcatalog; path = "GoldRock/Assets.xcassets"; sourceTree = "<group>"; };
		D0ADC22F3C046CC76298F620 = { isa = PBXBuildFile; fileRef = 05529D7BAF9BE1F1AD75AA78; };
		D37B9395C2BAF168F977CE9F = { isa = PBXFileReference; lastKnownFileType = sourcecode.swift; path = "GoldRockTests/GoldRockTests.swift"; sourceTree = "<group>"; };
		587854A59EFBF8969CAFD37F = { isa = PBXBuildFile; fileRef = D37B9395C2BAF168F977CE9F; };
		30A46DC9E74F74DAAA9AB16C = { isa = PBXFileReference; lastKnownFileType = text.json; path = "GoldRockTests/rule-vectors.json"; sourceTree = "<group>"; };
		F1B3B2BF2606B1FBB247803F = { isa = PBXBuildFile; fileRef = 30A46DC9E74F74DAAA9AB16C; };
		90A38844936D50307F9DD0EA = { isa = PBXFileReference; lastKnownFileType = folder; path = "GoldRockTests/ReconciliationIntakeFixtures"; sourceTree = "<group>"; };
		FB125AFEC5691D2CAFA547E7 = { isa = PBXBuildFile; fileRef = 90A38844936D50307F9DD0EA; };
		AE0042EC290704DA7E641B97 = { isa = PBXFileReference; explicitFileType = wrapper.application; includeInIndex = 0; path = GoldRock.app; sourceTree = BUILT_PRODUCTS_DIR; };
		E7F08BCC397888750F5CB9BD = { isa = PBXFileReference; explicitFileType = wrapper.cfbundle; includeInIndex = 0; path = GoldRockTests.xctest; sourceTree = BUILT_PRODUCTS_DIR; };
		0035FE99EA2940F7FA633A58 = { isa = PBXGroup; children = (91BFE495CE6549712ABECB3A, DA90549D39F970270DF3D16C, D13BF03A9CFFE08008C349FF, 8873151C067A966D8A2B0623, CD774F8C46B4685BA5E70E5A, 3CD92967E842B6347F08C398, E27CC1B4923CF2D619D3BFB6, E21596188B9EF32B12BD3DDA, CD1C50BCBEE400CCB036346F, 88C1901C94C612C529569120, E68C4614C7E3182629EE3008, 3770537F39EFC34590F57A4E, 41B80D12776696F4CC38EE2A, CBF6B4EE95425272FD24241F, 01A4CDF2A9A7F520A4A894C9, 84120BD81BA766208FFBA698, 60924E44EE8106A49AC3796D, BA9A29D9A6E8C5F9C03A6223, BBCDFB556CE66AAA183B8EC8, 299F6622A42202C7D0746AE4, DFDDDA83AC67869C1EA8916F, 2962AB97368A1A865CC39898, 12829CEADD265E9AE5459F72, 5656A971C1AB5D3E6734A65D, 57D538D4F1FE182D599056C5, 8FF44D347DC9F39F0DFC41B0, 20E1ECAA0A83BFEE6494F90A, 2C42137C608E1F57F4FBE0E0, 108A113DDAFADD9F610AE8D3, CE4BEE77AB6B3FC20DA43610, E4DA78B1C4541104F7A0F075, E50958DC38309C2583D55C42, 3F46EF94B329F0B461FFC90C, 4DD8F7FB02ADD16394BF5CE0, EA3B526459C0B76D87AB935B, 73BCE6B9C632633A5B84AD83, A2C6F92DC75999B5AD605CB2, 05529D7BAF9BE1F1AD75AA78, D37B9395C2BAF168F977CE9F, 30A46DC9E74F74DAAA9AB16C, 90A38844936D50307F9DD0EA, 5BAB63C60BF318DAB40A4F04); sourceTree = "<group>"; };
		5BAB63C60BF318DAB40A4F04 = { isa = PBXGroup; children = (AE0042EC290704DA7E641B97, E7F08BCC397888750F5CB9BD); name = Products; sourceTree = "<group>"; };
		878A52FC5FF6A57D50B7B870 = { isa = PBXSourcesBuildPhase; buildActionMask = 2147483647; files = (2D3FAC76AAE77C4C89975409, 466888D4942B0895BA5752EC, 97925F813AD33F0CDF07A078, DE68D35E535906D9A25608A6, 6B8A35EFDEE8AB4B8D7E9520, 80F40F6AAB50315E3380DA8B, 455C5A795E000EA8D02E60FC, 62B1972386B11167A1B1D645, 0B984F51B793213FD589BD1B, 55AA74564A8B619D5FA07A4F, 9B404600F66A764B7294EAA5, 2CBFBD2DC821AE9978655CF4, AC3C6B75C802535AC6765524, FC47342FE6C164FD8EA693D6, 39C399227B8554CE1E4A25EE, CDF45DA20D26AE35C04B7728, 6E06DCD0179FD2D361E4523E, 01582C019DE62F591F5DB6B5, DEB8AAF831CFEEEF5611C5DE, 6996BD5E6AACD656E5D7F7F8, 6EFA50056ADA1CA492970D5E, 6AA6DA43A86C0E728DE9F2D9, BAFEC206E9FC2202326EA17A, B88BB9C5A9E5A994735C2A66, 64EE27EB1EC7F69D6400ABB2, 65E05A8738CEE58E714BADD3, 031CC64CFC621B52BD95C1F3, E867D25A4A90740E3FE122F6, 6F3D1A4522DA360E9A36F846, 1251F26AEFAEFCB652BECCB4, B7DF36169BA4650117D3C71A, 2CD88BD8B804BBE553FB0684, 20CA0160EDEDDC3E99D76E20); runOnlyForDeploymentPostprocessing = 0; };
		41D311A605520FC7B8B9A980 = { isa = PBXResourcesBuildPhase; buildActionMask = 2147483647; files = (FD57E9B16885BEBF76EEE08F, 23E3688ABB5016270D243378, D0ADC22F3C046CC76298F620); runOnlyForDeploymentPostprocessing = 0; };
		E2AA269EB967A8853A258BFA = { isa = PBXFrameworksBuildPhase; buildActionMask = 2147483647; files = (); runOnlyForDeploymentPostprocessing = 0; };
		B2298129A58493C45A5D7D9A = { isa = PBXSourcesBuildPhase; buildActionMask = 2147483647; files = (587854A59EFBF8969CAFD37F); runOnlyForDeploymentPostprocessing = 0; };
		28557525D9B40FEE6754FB60 = { isa = PBXFrameworksBuildPhase; buildActionMask = 2147483647; files = (); runOnlyForDeploymentPostprocessing = 0; };
		3F6BC17F79ADBDD97FB52430 = { isa = PBXResourcesBuildPhase; buildActionMask = 2147483647; files = (F1B3B2BF2606B1FBB247803F, FB125AFEC5691D2CAFA547E7); runOnlyForDeploymentPostprocessing = 0; };
		1241936D4DD3AAD68FE7BFBD = { isa = PBXContainerItemProxy; containerPortal = 244210E48437B6556980A702; proxyType = 1; remoteGlobalIDString = 34A04005BCAF206EEC990BD9; remoteInfo = GoldRock; };
		F26350DAFE3F19AABFD69AC4 = { isa = PBXTargetDependency; target = 34A04005BCAF206EEC990BD9; targetProxy = 1241936D4DD3AAD68FE7BFBD; };
		34A04005BCAF206EEC990BD9 = { isa = PBXNativeTarget; buildConfigurationList = 952F4DF8105729797025EDD4; buildPhases = (878A52FC5FF6A57D50B7B870, E2AA269EB967A8853A258BFA, 41D311A605520FC7B8B9A980); buildRules = (); dependencies = (); name = GoldRock; productName = GoldRock; productReference = AE0042EC290704DA7E641B97; productType = "com.apple.product-type.application"; };
		3A0C9CEF9D8F3BC090274361 = { isa = PBXNativeTarget; buildConfigurationList = A314C661E13AE4B085126114; buildPhases = (B2298129A58493C45A5D7D9A, 28557525D9B40FEE6754FB60, 3F6BC17F79ADBDD97FB52430); buildRules = (); dependencies = (F26350DAFE3F19AABFD69AC4); name = GoldRockTests; productName = GoldRockTests; productReference = E7F08BCC397888750F5CB9BD; productType = "com.apple.product-type.bundle.unit-test"; };
		244210E48437B6556980A702 = { isa = PBXProject; attributes = { BuildIndependentTargetsInParallel = YES; LastUpgradeCheck = 2700; TargetAttributes = { 34A04005BCAF206EEC990BD9 = { CreatedOnToolsVersion = 27.0; }; 3A0C9CEF9D8F3BC090274361 = { CreatedOnToolsVersion = 27.0; TestTargetID = 34A04005BCAF206EEC990BD9; }; }; }; buildConfigurationList = AAB2723FF2C8E6D1C298C1E4; compatibilityVersion = "Xcode 14.0"; developmentRegion = en; hasScannedForEncodings = 0; knownRegions = (en, Base); mainGroup = 0035FE99EA2940F7FA633A58; productRefGroup = 5BAB63C60BF318DAB40A4F04; projectDirPath = ""; projectRoot = ""; targets = (34A04005BCAF206EEC990BD9, 3A0C9CEF9D8F3BC090274361); };
		73EBF6644258C120893E685D = { isa = XCBuildConfiguration; buildSettings = { CLANG_ENABLE_MODULES = YES; CLANG_ENABLE_OBJC_ARC = YES; SDKROOT = iphoneos; IPHONEOS_DEPLOYMENT_TARGET = 18.0; SWIFT_VERSION = 5.0; SWIFT_STRICT_CONCURRENCY = targeted; DEBUG_INFORMATION_FORMAT = dwarf; ENABLE_TESTABILITY = YES; SWIFT_OPTIMIZATION_LEVEL = "-Onone"; SWIFT_ACTIVE_COMPILATION_CONDITIONS = DEBUG; }; name = Debug; };
		B00CCDD09424E369308D67FA = { isa = XCBuildConfiguration; buildSettings = { ASSETCATALOG_COMPILER_APPICON_NAME = AppIcon; CODE_SIGN_STYLE = Automatic; CODE_SIGN_ENTITLEMENTS = GoldRock/GoldRock.entitlements; CURRENT_PROJECT_VERSION = 1; GENERATE_INFOPLIST_FILE = NO; INFOPLIST_FILE = GoldRock/Info.plist; LD_RUNPATH_SEARCH_PATHS = ("$(inherited)", "@executable_path/Frameworks"); MARKETING_VERSION = 0.1.0; PRODUCT_BUNDLE_IDENTIFIER = com.goldrockhealth.app; PRODUCT_NAME = "$(TARGET_NAME)"; SUPPORTED_PLATFORMS = "iphoneos iphonesimulator"; SUPPORTS_MACCATALYST = NO; SWIFT_EMIT_LOC_STRINGS = YES; TARGETED_DEVICE_FAMILY = "1,2"; }; name = Debug; };
		DD3F495F7D6A5AA1C1769021 = { isa = XCBuildConfiguration; buildSettings = { BUNDLE_LOADER = "$(TEST_HOST)"; CODE_SIGN_STYLE = Automatic; GENERATE_INFOPLIST_FILE = YES; LD_RUNPATH_SEARCH_PATHS = ("$(inherited)", "@executable_path/Frameworks", "@loader_path/Frameworks"); PRODUCT_BUNDLE_IDENTIFIER = com.goldrockhealth.app.tests; PRODUCT_NAME = "$(TARGET_NAME)"; SUPPORTED_PLATFORMS = "iphoneos iphonesimulator"; TARGETED_DEVICE_FAMILY = "1,2"; TEST_HOST = "$(BUILT_PRODUCTS_DIR)/GoldRock.app/$(BUNDLE_EXECUTABLE_FOLDER_PATH)/GoldRock"; }; name = Debug; };
		0B0C687DF8B6B8DC790B519C = { isa = XCBuildConfiguration; buildSettings = { CLANG_ENABLE_MODULES = YES; CLANG_ENABLE_OBJC_ARC = YES; SDKROOT = iphoneos; IPHONEOS_DEPLOYMENT_TARGET = 18.0; SWIFT_VERSION = 5.0; SWIFT_STRICT_CONCURRENCY = targeted; DEBUG_INFORMATION_FORMAT = "dwarf-with-dsym"; SWIFT_COMPILATION_MODE = wholemodule; VALIDATE_PRODUCT = YES; }; name = Release; };
		1B104479E55E37CF8A63CBDF = { isa = XCBuildConfiguration; buildSettings = { ASSETCATALOG_COMPILER_APPICON_NAME = AppIcon; CODE_SIGN_STYLE = Automatic; CODE_SIGN_ENTITLEMENTS = GoldRock/GoldRock.entitlements; CURRENT_PROJECT_VERSION = 1; GENERATE_INFOPLIST_FILE = NO; INFOPLIST_FILE = GoldRock/Info.plist; LD_RUNPATH_SEARCH_PATHS = ("$(inherited)", "@executable_path/Frameworks"); MARKETING_VERSION = 0.1.0; PRODUCT_BUNDLE_IDENTIFIER = com.goldrockhealth.app; PRODUCT_NAME = "$(TARGET_NAME)"; SUPPORTED_PLATFORMS = "iphoneos iphonesimulator"; SUPPORTS_MACCATALYST = NO; SWIFT_EMIT_LOC_STRINGS = YES; TARGETED_DEVICE_FAMILY = "1,2"; }; name = Release; };
		E670BC2FFE794172EBC92AE3 = { isa = XCBuildConfiguration; buildSettings = { BUNDLE_LOADER = "$(TEST_HOST)"; CODE_SIGN_STYLE = Automatic; GENERATE_INFOPLIST_FILE = YES; LD_RUNPATH_SEARCH_PATHS = ("$(inherited)", "@executable_path/Frameworks", "@loader_path/Frameworks"); PRODUCT_BUNDLE_IDENTIFIER = com.goldrockhealth.app.tests; PRODUCT_NAME = "$(TARGET_NAME)"; SUPPORTED_PLATFORMS = "iphoneos iphonesimulator"; TARGETED_DEVICE_FAMILY = "1,2"; TEST_HOST = "$(BUILT_PRODUCTS_DIR)/GoldRock.app/$(BUNDLE_EXECUTABLE_FOLDER_PATH)/GoldRock"; }; name = Release; };
		AAB2723FF2C8E6D1C298C1E4 = { isa = XCConfigurationList; buildConfigurations = (73EBF6644258C120893E685D, 0B0C687DF8B6B8DC790B519C); defaultConfigurationIsVisible = 0; defaultConfigurationName = Release; };
		952F4DF8105729797025EDD4 = { isa = XCConfigurationList; buildConfigurations = (B00CCDD09424E369308D67FA, 1B104479E55E37CF8A63CBDF); defaultConfigurationIsVisible = 0; defaultConfigurationName = Release; };
		A314C661E13AE4B085126114 = { isa = XCConfigurationList; buildConfigurations = (DD3F495F7D6A5AA1C1769021, E670BC2FFE794172EBC92AE3); defaultConfigurationIsVisible = 0; defaultConfigurationName = Release; };
	};
	rootObject = 244210E48437B6556980A702;
}
